
Microsoft Visual Studio Solution File, Format Version 12.00
# Visual Studio Version 16
VisualStudioVersion = 16.0.29409.12
MinimumVisualStudioVersion = 10.0.40219.1
Project("{FAE04EC0-301F-11D3-BF4B-00C04F79EFBC}") = "GithubTestAutomation", "GithubTestAutomation\GithubTestAutomation.csproj", "{3F055317-6BB9-442F-96D8-20B9914840C1}"
EndProject
Global
	GlobalSection(SolutionConfigurationPlatforms) = preSolution
		Debug|Any CPU = Debug|Any CPU
		Release|Any CPU = Release|Any CPU
	EndGlobalSection
	GlobalSection(ProjectConfigurationPlatforms) = postSolution
		{3F055317-6BB9-442F-96D8-20B9914840C1}.Debug|Any CPU.ActiveCfg = Debug|Any CPU
		{3F055317-6BB9-442F-96D8-20B9914840C1}.Debug|Any CPU.Build.0 = Debug|Any CPU
		{3F055317-6BB9-442F-96D8-20B9914840C1}.Release|Any CPU.ActiveCfg = Release|Any CPU
		{3F055317-6BB9-442F-96D8-20B9914840C1}.Release|Any CPU.Build.0 = Release|Any CPU
	EndGlobalSection
	GlobalSection(SolutionProperties) = preSolution
		HideSolutionNode = FALSE
	EndGlobalSection
	GlobalSection(ExtensibilityGlobals) = postSolution
		SolutionGuid = {B5652905-A1F7-44D1-8D76-CA6DB5595CB2}
	EndGlobalSection
EndGlobal
